
Microsoft Visual Studio Solution File, Format Version 12.00
# Visual Studio Version 17
VisualStudioVersion = 17.10.35004.147
MinimumVisualStudioVersion = 10.0.40219.1
Project("{FAE04EC0-301F-11D3-BF4B-00C04F79EFBC}") = "CrudBlazor", "CrudBlazor\CrudBlazor\CrudBlazor.csproj", "{012B68DA-9FF5-40C8-A68C-0E7AAAFCF8B8}"
EndProject
Project("{FAE04EC0-301F-11D3-BF4B-00C04F79EFBC}") = "CrudBlazor.Client", "CrudBlazor\CrudBlazor.Client\CrudBlazor.Client.csproj", "{C588B91B-0D75-47DF-864F-C1336BFC7E68}"
EndProject
Project("{2150E333-8FDC-42A3-9474-1A3956D46DE8}") = "System.Front", "System.Front", "{031FA1A9-7343-4D76-AB7A-C944D1B6D9BD}"
EndProject
Project("{2150E333-8FDC-42A3-9474-1A3956D46DE8}") = "System.Back", "System.Back", "{509F8798-D994-4BAC-ADEB-AEEFC0EABC13}"
EndProject
Project("{FAE04EC0-301F-11D3-BF4B-00C04F79EFBC}") = "System.BusinessRules", "System.BusinessRules\System.BusinessRules.csproj", "{43D0C829-A64B-4835-99EF-1D971EB44A13}"
EndProject
Project("{FAE04EC0-301F-11D3-BF4B-00C04F79EFBC}") = "System.Entities", "System.Entities\System.Entities.csproj", "{56B9B9A2-185C-42D2-8CAC-8831DE29E69F}"
EndProject
Project("{FAE04EC0-301F-11D3-BF4B-00C04F79EFBC}") = "System.Providers", "System.Providers\System.Providers.csproj", "{A36DF01A-5956-4926-8DC2-148E51835AD5}"
EndProject
Global
	GlobalSection(SolutionConfigurationPlatforms) = preSolution
		Debug|Any CPU = Debug|Any CPU
		Release|Any CPU = Release|Any CPU
	EndGlobalSection
	GlobalSection(ProjectConfigurationPlatforms) = postSolution
		{012B68DA-9FF5-40C8-A68C-0E7AAAFCF8B8}.Debug|Any CPU.ActiveCfg = Debug|Any CPU
		{012B68DA-9FF5-40C8-A68C-0E7AAAFCF8B8}.Debug|Any CPU.Build.0 = Debug|Any CPU
		{012B68DA-9FF5-40C8-A68C-0E7AAAFCF8B8}.Release|Any CPU.ActiveCfg = Release|Any CPU
		{012B68DA-9FF5-40C8-A68C-0E7AAAFCF8B8}.Release|Any CPU.Build.0 = Release|Any CPU
		{C588B91B-0D75-47DF-864F-C1336BFC7E68}.Debug|Any CPU.ActiveCfg = Debug|Any CPU
		{C588B91B-0D75-47DF-864F-C1336BFC7E68}.Debug|Any CPU.Build.0 = Debug|Any CPU
		{C588B91B-0D75-47DF-864F-C1336BFC7E68}.Release|Any CPU.ActiveCfg = Release|Any CPU
		{C588B91B-0D75-47DF-864F-C1336BFC7E68}.Release|Any CPU.Build.0 = Release|Any CPU
		{43D0C829-A64B-4835-99EF-1D971EB44A13}.Debug|Any CPU.ActiveCfg = Debug|Any CPU
		{43D0C829-A64B-4835-99EF-1D971EB44A13}.Debug|Any CPU.Build.0 = Debug|Any CPU
		{43D0C829-A64B-4835-99EF-1D971EB44A13}.Release|Any CPU.ActiveCfg = Release|Any CPU
		{43D0C829-A64B-4835-99EF-1D971EB44A13}.Release|Any CPU.Build.0 = Release|Any CPU
		{56B9B9A2-185C-42D2-8CAC-8831DE29E69F}.Debug|Any CPU.ActiveCfg = Debug|Any CPU
		{56B9B9A2-185C-42D2-8CAC-8831DE29E69F}.Debug|Any CPU.Build.0 = Debug|Any CPU
		{56B9B9A2-185C-42D2-8CAC-8831DE29E69F}.Release|Any CPU.ActiveCfg = Release|Any CPU
		{56B9B9A2-185C-42D2-8CAC-8831DE29E69F}.Release|Any CPU.Build.0 = Release|Any CPU
		{A36DF01A-5956-4926-8DC2-148E51835AD5}.Debug|Any CPU.ActiveCfg = Debug|Any CPU
		{A36DF01A-5956-4926-8DC2-148E51835AD5}.Debug|Any CPU.Build.0 = Debug|Any CPU
		{A36DF01A-5956-4926-8DC2-148E51835AD5}.Release|Any CPU.ActiveCfg = Release|Any CPU
		{A36DF01A-5956-4926-8DC2-148E51835AD5}.Release|Any CPU.Build.0 = Release|Any CPU
	EndGlobalSection
	GlobalSection(SolutionProperties) = preSolution
		HideSolutionNode = FALSE
	EndGlobalSection
	GlobalSection(NestedProjects) = preSolution
		{012B68DA-9FF5-40C8-A68C-0E7AAAFCF8B8} = {031FA1A9-7343-4D76-AB7A-C944D1B6D9BD}
		{C588B91B-0D75-47DF-864F-C1336BFC7E68} = {031FA1A9-7343-4D76-AB7A-C944D1B6D9BD}
		{43D0C829-A64B-4835-99EF-1D971EB44A13} = {509F8798-D994-4BAC-ADEB-AEEFC0EABC13}
		{56B9B9A2-185C-42D2-8CAC-8831DE29E69F} = {509F8798-D994-4BAC-ADEB-AEEFC0EABC13}
		{A36DF01A-5956-4926-8DC2-148E51835AD5} = {509F8798-D994-4BAC-ADEB-AEEFC0EABC13}
	EndGlobalSection
	GlobalSection(ExtensibilityGlobals) = postSolution
		SolutionGuid = {4CA2DB82-23CF-4A2C-84C3-4D9E1BD1FC77}
	EndGlobalSection
EndGlobal
